PODS:
  - Expecta (1.0.6)
  - "Expecta+Snapshots (3.1.1)":
    - Expecta (~> 1.0)
    - FBSnapshotTestCase/Core (~> 2.0)
    - Specta (~> 1.0)
  - FBSnapshotTestCase (2.1.4):
    - FBSnapshotTestCase/SwiftSupport (= 2.1.4)
  - FBSnapshotTestCase/Core (2.1.4)
  - FBSnapshotTestCase/SwiftSupport (2.1.4):
    - FBSnapshotTestCase/Core
  - MJRefresh (3.5.0)
  - Specta (1.0.7)
  - ZNTableViewKit (1.0.1)

DEPENDENCIES:
  - Expecta
  - "Expecta+Snapshots"
  - FBSnapshotTestCase
  - MJRefresh
  - Specta
  - ZNTableViewKit (from `../`)

SPEC REPOS:
  trunk:
    - Expecta
    - "Expecta+Snapshots"
    - FBSnapshotTestCase
    - MJRefresh
    - Specta

EXTERNAL SOURCES:
  ZNTableViewKit:
    :path: "../"

SPEC CHECKSUMS:
  Expecta: 3b6bd90a64b9a1dcb0b70aa0e10a7f8f631667d5
  "Expecta+Snapshots": dcff217eef506dabd6dfdc7864ea2da321fafbb8
  FBSnapshotTestCase: 094f9f314decbabe373b87cc339bea235a63e07a
  MJRefresh: 6afc955813966afb08305477dd7a0d9ad5e79a16
  Specta: 3e1bd89c3517421982dc4d1c992503e48bd5fe66
  ZNTableViewKit: c16f07c2348838734c4a9046b20df97a61e6134b

PODFILE CHECKSUM: 388acd1cf736769b100df6b0f010fb45c536a3ee

COCOAPODS: 1.10.1
